
Microsoft Visual Studio Solution File, Format Version 12.00
# Visual Studio Version 17
VisualStudioVersion = 17.4.33122.133
MinimumVisualStudioVersion = 10.0.40219.1
Project("{FAE04EC0-301F-11D3-BF4B-00C04F79EFBC}") = "CombinationSumTwo", "CombinationSumTwo\CombinationSumTwo.csproj", "{8E60F215-FC92-4C98-BA39-A18C60486ADF}"
EndProject
Project("{FAE04EC0-301F-11D3-BF4B-00C04F79EFBC}") = "CombinationSumTwo.Tests", "CombinationSumTwo.Tests\CombinationSumTwo.Tests.csproj", "{7BCAAC4D-1193-4EFD-B574-AA0A309E7661}"
EndProject
Global
	GlobalSection(SolutionConfigurationPlatforms) = preSolution
		Debug|Any CPU = Debug|Any CPU
		Release|Any CPU = Release|Any CPU
	EndGlobalSection
	GlobalSection(ProjectConfigurationPlatforms) = postSolution
		{8E60F215-FC92-4C98-BA39-A18C60486ADF}.Debug|Any CPU.ActiveCfg = Debug|Any CPU
		{8E60F215-FC92-4C98-BA39-A18C60486ADF}.Debug|Any CPU.Build.0 = Debug|Any CPU
		{8E60F215-FC92-4C98-BA39-A18C60486ADF}.Release|Any CPU.ActiveCfg = Release|Any CPU
		{8E60F215-FC92-4C98-BA39-A18C60486ADF}.Release|Any CPU.Build.0 = Release|Any CPU
		{7BCAAC4D-1193-4EFD-B574-AA0A309E7661}.Debug|Any CPU.ActiveCfg = Debug|Any CPU
		{7BCAAC4D-1193-4EFD-B574-AA0A309E7661}.Debug|Any CPU.Build.0 = Debug|Any CPU
		{7BCAAC4D-1193-4EFD-B574-AA0A309E7661}.Release|Any CPU.ActiveCfg = Release|Any CPU
		{7BCAAC4D-1193-4EFD-B574-AA0A309E7661}.Release|Any CPU.Build.0 = Release|Any CPU
	EndGlobalSection
	GlobalSection(SolutionProperties) = preSolution
		HideSolutionNode = FALSE
	EndGlobalSection
	GlobalSection(ExtensibilityGlobals) = postSolution
		SolutionGuid = {3D257309-021E-46E2-807B-390A3FD91BD6}
	EndGlobalSection
EndGlobal
